
Microsoft Visual Studio Solution File, Format Version 12.00
# Visual Studio Version 17
VisualStudioVersion = 17.9.34723.18
MinimumVisualStudioVersion = 10.0.40219.1
Project("{FAE04EC0-301F-11D3-BF4B-00C04F79EFBC}") = "1. Algoritma", "1. Algoritma\1. Algoritma.csproj", "{2669FF41-297D-4E51-8335-EABCD8DDEA45}"
EndProject
Project("{FAE04EC0-301F-11D3-BF4B-00C04F79EFBC}") = "2. Veri Tipleri", "2. Veri Tipleri\2. Veri Tipleri.csproj", "{C0DED70C-68C1-44A7-9B33-96D4DF4B8B31}"
EndProject
Project("{FAE04EC0-301F-11D3-BF4B-00C04F79EFBC}") = "3. Operatorler", "3. Operatorler\3. Operatorler.csproj", "{AA7F2243-2E47-4E62-92C0-D30E53BFA204}"
EndProject
Project("{FAE04EC0-301F-11D3-BF4B-00C04F79EFBC}") = "4. Kullanıcıdan Değer Alma", "4. Kullanıcıdan Değer Alma\4. Kullanıcıdan Değer Alma.csproj", "{F3EB3430-005E-4FD0-87CE-40329BA9017B}"
EndProject
Project("{FAE04EC0-301F-11D3-BF4B-00C04F79EFBC}") = "5. Tür Dönüşümleri", "5. Tür Dönüşümleri\5. Tür Dönüşümleri.csproj", "{B692EAF8-152D-4679-95D1-1FFC7BA81436}"
EndProject
Project("{FAE04EC0-301F-11D3-BF4B-00C04F79EFBC}") = "6. Karar Yapıları", "6. Karar Yapıları\6. Karar Yapıları.csproj", "{6E0362FB-CAC1-4A85-905B-A0C1C32C5FDA}"
EndProject
Project("{FAE04EC0-301F-11D3-BF4B-00C04F79EFBC}") = "7. Döngüler", "7. Döngüler\7. Döngüler.csproj", "{0607C17F-F86B-4B80-BD71-C0A0D16AD51E}"
EndProject
Project("{FAE04EC0-301F-11D3-BF4B-00C04F79EFBC}") = "8. Diziler", "8. Diziler\8. Diziler.csproj", "{0D6D1C07-A016-4430-9732-2C0720C552BA}"
EndProject
Project("{FAE04EC0-301F-11D3-BF4B-00C04F79EFBC}") = "9. Metotlar", "9. Metotlar\9. Metotlar.csproj", "{2D3642E6-6EB8-4E27-B8A2-CB897E4C0E20}"
EndProject
Project("{FAE04EC0-301F-11D3-BF4B-00C04F79EFBC}") = "9. Metotlar 2", "9. Metotlar 2\9. Metotlar 2.csproj", "{9040AD8C-7856-42B4-A9C7-FD724BAAB164}"
EndProject
Project("{FAE04EC0-301F-11D3-BF4B-00C04F79EFBC}") = "9. Metotlar 3", "9. Metotlar 3\9. Metotlar 3.csproj", "{10921745-D2EF-4EFB-A822-98F9F40628A6}"
EndProject
Global
	GlobalSection(SolutionConfigurationPlatforms) = preSolution
		Debug|Any CPU = Debug|Any CPU
		Release|Any CPU = Release|Any CPU
	EndGlobalSection
	GlobalSection(ProjectConfigurationPlatforms) = postSolution
		{2669FF41-297D-4E51-8335-EABCD8DDEA45}.Debug|Any CPU.ActiveCfg = Debug|Any CPU
		{2669FF41-297D-4E51-8335-EABCD8DDEA45}.Debug|Any CPU.Build.0 = Debug|Any CPU
		{2669FF41-297D-4E51-8335-EABCD8DDEA45}.Release|Any CPU.ActiveCfg = Release|Any CPU
		{2669FF41-297D-4E51-8335-EABCD8DDEA45}.Release|Any CPU.Build.0 = Release|Any CPU
		{C0DED70C-68C1-44A7-9B33-96D4DF4B8B31}.Debug|Any CPU.ActiveCfg = Debug|Any CPU
		{C0DED70C-68C1-44A7-9B33-96D4DF4B8B31}.Debug|Any CPU.Build.0 = Debug|Any CPU
		{C0DED70C-68C1-44A7-9B33-96D4DF4B8B31}.Release|Any CPU.ActiveCfg = Release|Any CPU
		{C0DED70C-68C1-44A7-9B33-96D4DF4B8B31}.Release|Any CPU.Build.0 = Release|Any CPU
		{AA7F2243-2E47-4E62-92C0-D30E53BFA204}.Debug|Any CPU.ActiveCfg = Debug|Any CPU
		{AA7F2243-2E47-4E62-92C0-D30E53BFA204}.Debug|Any CPU.Build.0 = Debug|Any CPU
		{AA7F2243-2E47-4E62-92C0-D30E53BFA204}.Release|Any CPU.ActiveCfg = Release|Any CPU
		{AA7F2243-2E47-4E62-92C0-D30E53BFA204}.Release|Any CPU.Build.0 = Release|Any CPU
		{F3EB3430-005E-4FD0-87CE-40329BA9017B}.Debug|Any CPU.ActiveCfg = Debug|Any CPU
		{F3EB3430-005E-4FD0-87CE-40329BA9017B}.Debug|Any CPU.Build.0 = Debug|Any CPU
		{F3EB3430-005E-4FD0-87CE-40329BA9017B}.Release|Any CPU.ActiveCfg = Release|Any CPU
		{F3EB3430-005E-4FD0-87CE-40329BA9017B}.Release|Any CPU.Build.0 = Release|Any CPU
		{B692EAF8-152D-4679-95D1-1FFC7BA81436}.Debug|Any CPU.ActiveCfg = Debug|Any CPU
		{B692EAF8-152D-4679-95D1-1FFC7BA81436}.Debug|Any CPU.Build.0 = Debug|Any CPU
		{B692EAF8-152D-4679-95D1-1FFC7BA81436}.Release|Any CPU.ActiveCfg = Release|Any CPU
		{B692EAF8-152D-4679-95D1-1FFC7BA81436}.Release|Any CPU.Build.0 = Release|Any CPU
		{6E0362FB-CAC1-4A85-905B-A0C1C32C5FDA}.Debug|Any CPU.ActiveCfg = Debug|Any CPU
		{6E0362FB-CAC1-4A85-905B-A0C1C32C5FDA}.Debug|Any CPU.Build.0 = Debug|Any CPU
		{6E0362FB-CAC1-4A85-905B-A0C1C32C5FDA}.Release|Any CPU.ActiveCfg = Release|Any CPU
		{6E0362FB-CAC1-4A85-905B-A0C1C32C5FDA}.Release|Any CPU.Build.0 = Release|Any CPU
		{0607C17F-F86B-4B80-BD71-C0A0D16AD51E}.Debug|Any CPU.ActiveCfg = Debug|Any CPU
		{0607C17F-F86B-4B80-BD71-C0A0D16AD51E}.Debug|Any CPU.Build.0 = Debug|Any CPU
		{0607C17F-F86B-4B80-BD71-C0A0D16AD51E}.Release|Any CPU.ActiveCfg = Release|Any CPU
		{0607C17F-F86B-4B80-BD71-C0A0D16AD51E}.Release|Any CPU.Build.0 = Release|Any CPU
		{0D6D1C07-A016-4430-9732-2C0720C552BA}.Debug|Any CPU.ActiveCfg = Debug|Any CPU
		{0D6D1C07-A016-4430-9732-2C0720C552BA}.Debug|Any CPU.Build.0 = Debug|Any CPU
		{0D6D1C07-A016-4430-9732-2C0720C552BA}.Release|Any CPU.ActiveCfg = Release|Any CPU
		{0D6D1C07-A016-4430-9732-2C0720C552BA}.Release|Any CPU.Build.0 = Release|Any CPU
		{2D3642E6-6EB8-4E27-B8A2-CB897E4C0E20}.Debug|Any CPU.ActiveCfg = Debug|Any CPU
		{2D3642E6-6EB8-4E27-B8A2-CB897E4C0E20}.Debug|Any CPU.Build.0 = Debug|Any CPU
		{2D3642E6-6EB8-4E27-B8A2-CB897E4C0E20}.Release|Any CPU.ActiveCfg = Release|Any CPU
		{2D3642E6-6EB8-4E27-B8A2-CB897E4C0E20}.Release|Any CPU.Build.0 = Release|Any CPU
		{9040AD8C-7856-42B4-A9C7-FD724BAAB164}.Debug|Any CPU.ActiveCfg = Debug|Any CPU
		{9040AD8C-7856-42B4-A9C7-FD724BAAB164}.Debug|Any CPU.Build.0 = Debug|Any CPU
		{9040AD8C-7856-42B4-A9C7-FD724BAAB164}.Release|Any CPU.ActiveCfg = Release|Any CPU
		{9040AD8C-7856-42B4-A9C7-FD724BAAB164}.Release|Any CPU.Build.0 = Release|Any CPU
		{10921745-D2EF-4EFB-A822-98F9F40628A6}.Debug|Any CPU.ActiveCfg = Debug|Any CPU
		{10921745-D2EF-4EFB-A822-98F9F40628A6}.Debug|Any CPU.Build.0 = Debug|Any CPU
		{10921745-D2EF-4EFB-A822-98F9F40628A6}.Release|Any CPU.ActiveCfg = Release|Any CPU
		{10921745-D2EF-4EFB-A822-98F9F40628A6}.Release|Any CPU.Build.0 = Release|Any CPU
	EndGlobalSection
	GlobalSection(SolutionProperties) = preSolution
		HideSolutionNode = FALSE
	EndGlobalSection
	GlobalSection(ExtensibilityGlobals) = postSolution
		SolutionGuid = {59405706-8C7B-41C7-BE25-54846677F301}
	EndGlobalSection
EndGlobal
